
Microsoft Visual Studio Solution File, Format Version 12.00
# Visual Studio Version 17
VisualStudioVersion = 17.8.34309.116
MinimumVisualStudioVersion = 10.0.40219.1
Project("{9A19103F-16F7-4668-BE54-9A1E7A4F7556}") = "Travelitinerary.Server", "Travelitinerary\Server\Travelitinerary.Server.csproj", "{DCACECC4-6D60-4990-9E88-DD6DB2CD6474}"
EndProject
Project("{9A19103F-16F7-4668-BE54-9A1E7A4F7556}") = "Travelitinerary.Client", "Travelitinerary\Client\Travelitinerary.Client.csproj", "{BA3918CF-F5AC-4D26-9E23-22462222D6C3}"
EndProject
Project("{9A19103F-16F7-4668-BE54-9A1E7A4F7556}") = "Travelitinerary.Shared", "Travelitinerary\Shared\Travelitinerary.Shared.csproj", "{26127B94-FD04-4D31-9CB5-6EEC54DA506C}"
EndProject
Global
	GlobalSection(SolutionConfigurationPlatforms) = preSolution
		Debug|Any CPU = Debug|Any CPU
		Release|Any CPU = Release|Any CPU
	EndGlobalSection
	GlobalSection(ProjectConfigurationPlatforms) = postSolution
		{DCACECC4-6D60-4990-9E88-DD6DB2CD6474}.Debug|Any CPU.ActiveCfg = Debug|Any CPU
		{DCACECC4-6D60-4990-9E88-DD6DB2CD6474}.Debug|Any CPU.Build.0 = Debug|Any CPU
		{DCACECC4-6D60-4990-9E88-DD6DB2CD6474}.Release|Any CPU.ActiveCfg = Release|Any CPU
		{DCACECC4-6D60-4990-9E88-DD6DB2CD6474}.Release|Any CPU.Build.0 = Release|Any CPU
		{BA3918CF-F5AC-4D26-9E23-22462222D6C3}.Debug|Any CPU.ActiveCfg = Debug|Any CPU
		{BA3918CF-F5AC-4D26-9E23-22462222D6C3}.Debug|Any CPU.Build.0 = Debug|Any CPU
		{BA3918CF-F5AC-4D26-9E23-22462222D6C3}.Release|Any CPU.ActiveCfg = Release|Any CPU
		{BA3918CF-F5AC-4D26-9E23-22462222D6C3}.Release|Any CPU.Build.0 = Release|Any CPU
		{26127B94-FD04-4D31-9CB5-6EEC54DA506C}.Debug|Any CPU.ActiveCfg = Debug|Any CPU
		{26127B94-FD04-4D31-9CB5-6EEC54DA506C}.Debug|Any CPU.Build.0 = Debug|Any CPU
		{26127B94-FD04-4D31-9CB5-6EEC54DA506C}.Release|Any CPU.ActiveCfg = Release|Any CPU
		{26127B94-FD04-4D31-9CB5-6EEC54DA506C}.Release|Any CPU.Build.0 = Release|Any CPU
	EndGlobalSection
	GlobalSection(SolutionProperties) = preSolution
		HideSolutionNode = FALSE
	EndGlobalSection
	GlobalSection(ExtensibilityGlobals) = postSolution
		SolutionGuid = {458BEB87-0BFC-42B6-9835-E32E0C5BC8EE}
	EndGlobalSection
EndGlobal
